
Microsoft Visual Studio Solution File, Format Version 12.00
# Visual Studio Version 17
VisualStudioVersion = 17.9.34728.123
MinimumVisualStudioVersion = 10.0.40219.1
Project("{9A19103F-16F7-4668-BE54-9A1E7A4F7556}") = "CheapFly", "CheapFly\CheapFly.csproj", "{DFD3BD79-70E7-402A-8C9B-61585742A648}"
EndProject
Global
	GlobalSection(SolutionConfigurationPlatforms) = preSolution
		Debug|Any CPU = Debug|Any CPU
		Release|Any CPU = Release|Any CPU
	EndGlobalSection
	GlobalSection(ProjectConfigurationPlatforms) = postSolution
		{DFD3BD79-70E7-402A-8C9B-61585742A648}.Debug|Any CPU.ActiveCfg = Debug|Any CPU
		{DFD3BD79-70E7-402A-8C9B-61585742A648}.Debug|Any CPU.Build.0 = Debug|Any CPU
		{DFD3BD79-70E7-402A-8C9B-61585742A648}.Release|Any CPU.ActiveCfg = Release|Any CPU
		{DFD3BD79-70E7-402A-8C9B-61585742A648}.Release|Any CPU.Build.0 = Release|Any CPU
	EndGlobalSection
	GlobalSection(SolutionProperties) = preSolution
		HideSolutionNode = FALSE
	EndGlobalSection
	GlobalSection(ExtensibilityGlobals) = postSolution
		SolutionGuid = {EC34C4B6-7F45-470D-9917-28F0EF494AE5}
	EndGlobalSection
EndGlobal
